
Microsoft Visual Studio Solution File, Format Version 12.00
# Visual Studio Version 17
VisualStudioVersion = 17.8.34316.72
MinimumVisualStudioVersion = 10.0.40219.1
Project("{FAE04EC0-301F-11D3-BF4B-00C04F79EFBC}") = "SistemaCalificacion.Presentation", "SistemaCalificacion.Presentation\SistemaCalificacion.Presentation.csproj", "{02B4A321-F199-4ACB-BC81-2B80C7B387F0}"
EndProject
Project("{FAE04EC0-301F-11D3-BF4B-00C04F79EFBC}") = "SistemaCalificacion.Infrastructure", "SistemaCalificacion.Infrastructure\SistemaCalificacion.Infrastructure.csproj", "{F707E95A-3CE2-4D76-8DF1-88BAA2BBBA72}"
EndProject
Project("{FAE04EC0-301F-11D3-BF4B-00C04F79EFBC}") = "SistemaCalificacion.Domain", "SistemaCalificacion.Domain\SistemaCalificacion.Domain.csproj", "{898FDE0C-1F40-463D-B527-69FFBC9D8E01}"
EndProject
Project("{FAE04EC0-301F-11D3-BF4B-00C04F79EFBC}") = "SistemaCalificacion.Application", "SistemaCalificacion.Application\SistemaCalificacion.Application.csproj", "{A566E792-2677-4B2D-8524-F18802B15D32}"
EndProject
Global
	GlobalSection(SolutionConfigurationPlatforms) = preSolution
		Debug|Any CPU = Debug|Any CPU
		Release|Any CPU = Release|Any CPU
	EndGlobalSection
	GlobalSection(ProjectConfigurationPlatforms) = postSolution
		{02B4A321-F199-4ACB-BC81-2B80C7B387F0}.Debug|Any CPU.ActiveCfg = Debug|Any CPU
		{02B4A321-F199-4ACB-BC81-2B80C7B387F0}.Debug|Any CPU.Build.0 = Debug|Any CPU
		{02B4A321-F199-4ACB-BC81-2B80C7B387F0}.Release|Any CPU.ActiveCfg = Release|Any CPU
		{02B4A321-F199-4ACB-BC81-2B80C7B387F0}.Release|Any CPU.Build.0 = Release|Any CPU
		{F707E95A-3CE2-4D76-8DF1-88BAA2BBBA72}.Debug|Any CPU.ActiveCfg = Debug|Any CPU
		{F707E95A-3CE2-4D76-8DF1-88BAA2BBBA72}.Debug|Any CPU.Build.0 = Debug|Any CPU
		{F707E95A-3CE2-4D76-8DF1-88BAA2BBBA72}.Release|Any CPU.ActiveCfg = Release|Any CPU
		{F707E95A-3CE2-4D76-8DF1-88BAA2BBBA72}.Release|Any CPU.Build.0 = Release|Any CPU
		{898FDE0C-1F40-463D-B527-69FFBC9D8E01}.Debug|Any CPU.ActiveCfg = Debug|Any CPU
		{898FDE0C-1F40-463D-B527-69FFBC9D8E01}.Debug|Any CPU.Build.0 = Debug|Any CPU
		{898FDE0C-1F40-463D-B527-69FFBC9D8E01}.Release|Any CPU.ActiveCfg = Release|Any CPU
		{898FDE0C-1F40-463D-B527-69FFBC9D8E01}.Release|Any CPU.Build.0 = Release|Any CPU
		{A566E792-2677-4B2D-8524-F18802B15D32}.Debug|Any CPU.ActiveCfg = Debug|Any CPU
		{A566E792-2677-4B2D-8524-F18802B15D32}.Debug|Any CPU.Build.0 = Debug|Any CPU
		{A566E792-2677-4B2D-8524-F18802B15D32}.Release|Any CPU.ActiveCfg = Release|Any CPU
		{A566E792-2677-4B2D-8524-F18802B15D32}.Release|Any CPU.Build.0 = Release|Any CPU
	EndGlobalSection
	GlobalSection(SolutionProperties) = preSolution
		HideSolutionNode = FALSE
	EndGlobalSection
	GlobalSection(ExtensibilityGlobals) = postSolution
		SolutionGuid = {32C2E475-5D30-4E27-A3A0-86AAD549129E}
	EndGlobalSection
EndGlobal
